
Microsoft Visual Studio Solution File, Format Version 12.00
# Visual Studio 2017
Project("{FAE04EC0-301F-11D3-BF4B-00C04F79EFBC}") = "HoloExplorer-Mars", "HoloExplorer-Mars.csproj", "{21C629BC-D991-B6E4-32E8-06027F4DF97D}"
EndProject
Project("{FAE04EC0-301F-11D3-BF4B-00C04F79EFBC}") = "HoloExplorer-Mars.Editor", "HoloExplorer-Mars.Editor.csproj", "{031B100E-55ED-830B-4AB1-4ABE7180AA14}"
EndProject
Global
	GlobalSection(SolutionConfigurationPlatforms) = preSolution
		Debug|Any CPU = Debug|Any CPU
		Release|Any CPU = Release|Any CPU
	EndGlobalSection
	GlobalSection(ProjectConfigurationPlatforms) = postSolution
		{21C629BC-D991-B6E4-32E8-06027F4DF97D}.Debug|Any CPU.ActiveCfg = Debug|Any CPU
		{21C629BC-D991-B6E4-32E8-06027F4DF97D}.Debug|Any CPU.Build.0 = Debug|Any CPU
		{21C629BC-D991-B6E4-32E8-06027F4DF97D}.Release|Any CPU.ActiveCfg = Release|Any CPU
		{21C629BC-D991-B6E4-32E8-06027F4DF97D}.Release|Any CPU.Build.0 = Release|Any CPU
		{031B100E-55ED-830B-4AB1-4ABE7180AA14}.Debug|Any CPU.ActiveCfg = Debug|Any CPU
		{031B100E-55ED-830B-4AB1-4ABE7180AA14}.Debug|Any CPU.Build.0 = Debug|Any CPU
		{031B100E-55ED-830B-4AB1-4ABE7180AA14}.Release|Any CPU.ActiveCfg = Release|Any CPU
		{031B100E-55ED-830B-4AB1-4ABE7180AA14}.Release|Any CPU.Build.0 = Release|Any CPU
	EndGlobalSection
	GlobalSection(SolutionProperties) = preSolution
		HideSolutionNode = FALSE
	EndGlobalSection
EndGlobal
